
Microsoft Visual Studio Solution File, Format Version 12.00
# Visual Studio Version 16
VisualStudioVersion = 16.0.30011.22
MinimumVisualStudioVersion = 10.0.40219.1
Project("{FAE04EC0-301F-11D3-BF4B-00C04F79EFBC}") = "WindowsFormsApp3", "WindowsFormsApp3\WindowsFormsApp3.csproj", "{EAABDD3D-3EA5-4F6A-84CF-516551311D74}"
EndProject
Global
	GlobalSection(SolutionConfigurationPlatforms) = preSolution
		Debug|Any CPU = Debug|Any CPU
		Release|Any CPU = Release|Any CPU
	EndGlobalSection
	GlobalSection(ProjectConfigurationPlatforms) = postSolution
		{EAABDD3D-3EA5-4F6A-84CF-516551311D74}.Debug|Any CPU.ActiveCfg = Debug|Any CPU
		{EAABDD3D-3EA5-4F6A-84CF-516551311D74}.Debug|Any CPU.Build.0 = Debug|Any CPU
		{EAABDD3D-3EA5-4F6A-84CF-516551311D74}.Release|Any CPU.ActiveCfg = Release|Any CPU
		{EAABDD3D-3EA5-4F6A-84CF-516551311D74}.Release|Any CPU.Build.0 = Release|Any CPU
	EndGlobalSection
	GlobalSection(SolutionProperties) = preSolution
		HideSolutionNode = FALSE
	EndGlobalSection
	GlobalSection(ExtensibilityGlobals) = postSolution
		SolutionGuid = {3EC29EC5-BA2C-40C5-818F-324CECB8B464}
	EndGlobalSection
EndGlobal
